<?xml version="1.0" encoding="utf-8"?>
<Project ToolsVersion="4.0" xmlns="http://schemas.microsoft.com/developer/msbuild/2003">
  <ItemGroup>
    <Filter Include="Source Files">
      <UniqueIdentifier>{4FC737F1-C7A5-4376-A066-2A32D752A2FF}</UniqueIdentifier>
      <Extensions>cpp;c;cc;cxx;def;odl;idl;hpj;bat;asm;asmx</Extensions>
    </Filter>
    <Filter Include="Header Files">
      <UniqueIdentifier>{93995380-89BD-4b04-88EB-625FBE52EBFB}</UniqueIdentifier>
      <Extensions>h;hh;hpp;hxx;hm;inl;inc;xsd</Extensions>
    </Filter>
    <Filter Include="Resource Files">
      <UniqueIdentifier>{67DA6AB6-F800-4c08-8B7A-83BB121AAD01}</UniqueIdentifier>
      <Extensions>rc;ico;cur;bmp;dlg;rc2;rct;bin;rgs;gif;jpg;jpeg;jpe;resx;tiff;tif;png;wav;mfcribbon-ms</Extensions>
    </Filter>
  </ItemGroup>
  <ItemGroup>
    <Text Include="ReadMe.txt" />
  </ItemGroup>
  <ItemGroup>
    <ClCompile Include="videoFrame.cpp">
      <Filter>Source Files</Filter>
    </ClCompile>
    <ClCompile Include="compVideoFrame.cpp">
      <Filter>Source Files</Filter>
    </ClCompile>
    <ClCompile Include="audioFrame.cpp">
      <Filter>Source Files</Filter>
    </ClCompile>
    <ClCompile Include="eventClock.cpp">
      <Filter>Source Files</Filter>
    </ClCompile>
    <ClCompile Include="SemaphoreClock.cpp">
      <Filter>Source Files</Filter>
    </ClCompile>
    <ClCompile Include="CommonHelper.cpp">
      <Filter>Source Files</Filter>
    </ClCompile>
    <ClCompile Include="consoleUtil.cpp">
      <Filter>Source Files</Filter>
    </ClCompile>
    <ClCompile Include="affinily.cpp">
      <Filter>Source Files</Filter>
    </ClCompile>
    <ClCompile Include="CapturePoolMgr.cpp">
      <Filter>Source Files</Filter>
    </ClCompile>
    <ClCompile Include="BMRaudioFrame.cpp">
      <Filter>Source Files</Filter>
    </ClCompile>
    <ClCompile Include="IMasterClock.cpp">
      <Filter>Source Files</Filter>
    </ClCompile>
    <ClCompile Include="ManualClock.cpp">
      <Filter>Source Files</Filter>
    </ClCompile>
    <ClCompile Include="platform.cpp">
      <Filter>Source Files</Filter>
    </ClCompile>
    <ClCompile Include="registryEdit.cpp">
      <Filter>Source Files</Filter>
    </ClCompile>
    <ClCompile Include="LoopBuffer.cpp">
      <Filter>Source Files</Filter>
    </ClCompile>
    <ClCompile Include="timecode.cpp">
      <Filter>Source Files</Filter>
    </ClCompile>
    <ClCompile Include="AsyncFileWriterImp.cpp">
      <Filter>Source Files</Filter>
    </ClCompile>
    <ClCompile Include="CommonSampleBuffer.cpp">
      <Filter>Source Files</Filter>
    </ClCompile>
    <ClCompile Include="CPUUsageHelper.cpp">
      <Filter>Source Files</Filter>
    </ClCompile>
    <ClCompile Include="FpsHelper.cpp">
      <Filter>Source Files</Filter>
    </ClCompile>
    <ClCompile Include="SRWLocker.cpp">
      <Filter>Source Files</Filter>
    </ClCompile>
    <ClCompile Include="AutoLoopClock.cpp">
      <Filter>Source Files</Filter>
    </ClCompile>
    <ClCompile Include="AutoTimerClock.cpp">
      <Filter>Source Files</Filter>
    </ClCompile>
    <ClCompile Include="TimeID.cpp">
      <Filter>Source Files</Filter>
    </ClCompile>
  </ItemGroup>
  <ItemGroup>
    <ClInclude Include="locker.h">
      <Filter>Header Files</Filter>
    </ClInclude>
    <ClInclude Include="videoFrame.h">
      <Filter>Header Files</Filter>
    </ClInclude>
    <ClInclude Include="compVideoFrame.h">
      <Filter>Header Files</Filter>
    </ClInclude>
    <ClInclude Include="audioFrame.h">
      <Filter>Header Files</Filter>
    </ClInclude>
    <ClInclude Include="ObjectPoolEx.h">
      <Filter>Header Files</Filter>
    </ClInclude>
    <ClInclude Include="eventClock.h">
      <Filter>Header Files</Filter>
    </ClInclude>
    <ClInclude Include="SemaphoreClock.h">
      <Filter>Header Files</Filter>
    </ClInclude>
    <ClInclude Include="CommonHelper.h">
      <Filter>Header Files</Filter>
    </ClInclude>
    <ClInclude Include="timecode.h">
      <Filter>Header Files</Filter>
    </ClInclude>
    <ClInclude Include="id.h">
      <Filter>Header Files</Filter>
    </ClInclude>
    <ClInclude Include="consoleUtil.h">
      <Filter>Header Files</Filter>
    </ClInclude>
    <ClInclude Include="affinily.h">
      <Filter>Header Files</Filter>
    </ClInclude>
    <ClInclude Include="easyThread.h">
      <Filter>Header Files</Filter>
    </ClInclude>
    <ClInclude Include="CapturePoolMgr.h">
      <Filter>Header Files</Filter>
    </ClInclude>
    <ClInclude Include="BMRaudioFrame.h">
      <Filter>Header Files</Filter>
    </ClInclude>
    <ClInclude Include="FrameList.h">
      <Filter>Header Files</Filter>
    </ClInclude>
    <ClInclude Include="IMasterClock.h">
      <Filter>Header Files</Filter>
    </ClInclude>
    <ClInclude Include="ManualClock.h">
      <Filter>Header Files</Filter>
    </ClInclude>
    <ClInclude Include="platform.h">
      <Filter>Header Files</Filter>
    </ClInclude>
    <ClInclude Include="registryEdit.h">
      <Filter>Header Files</Filter>
    </ClInclude>
    <ClInclude Include="SyncList.h">
      <Filter>Header Files</Filter>
    </ClInclude>
    <ClInclude Include="ClosedCaptionPacket.h">
      <Filter>Header Files</Filter>
    </ClInclude>
    <ClInclude Include="LoopBuffer.h">
      <Filter>Header Files</Filter>
    </ClInclude>
    <ClInclude Include="OutputStream.h">
      <Filter>Header Files</Filter>
    </ClInclude>
    <ClInclude Include="AsyncFileWriterImp.h">
      <Filter>Header Files</Filter>
    </ClInclude>
    <ClInclude Include="SyncMap.h">
      <Filter>Header Files</Filter>
    </ClInclude>
    <ClInclude Include="CommonSampleBuffer.h">
      <Filter>Header Files</Filter>
    </ClInclude>
    <ClInclude Include="VideoFormatDef.h">
      <Filter>Header Files</Filter>
    </ClInclude>
    <ClInclude Include="DualObjectWrapper.h">
      <Filter>Header Files</Filter>
    </ClInclude>
    <ClInclude Include="StringHelper.h">
      <Filter>Header Files</Filter>
    </ClInclude>
    <ClInclude Include="CPUUsageHelper.h">
      <Filter>Header Files</Filter>
    </ClInclude>
    <ClInclude Include="async_thread.h">
      <Filter>Header Files</Filter>
    </ClInclude>
    <ClInclude Include="FpsHelper.h">
      <Filter>Header Files</Filter>
    </ClInclude>
    <ClInclude Include="targetver.h">
      <Filter>Header Files</Filter>
    </ClInclude>
    <ClInclude Include="SRWLocker.h">
      <Filter>Header Files</Filter>
    </ClInclude>
    <ClInclude Include="AutoLoopClock.h">
      <Filter>Header Files</Filter>
    </ClInclude>
    <ClInclude Include="AutoTimerClock.h">
      <Filter>Header Files</Filter>
    </ClInclude>
    <ClInclude Include="SyncUnorderedMap.h">
      <Filter>Header Files</Filter>
    </ClInclude>
    <ClInclude Include="SyncVector.h">
      <Filter>Header Files</Filter>
    </ClInclude>
    <ClInclude Include="BMRPoolMgr.h">
      <Filter>Header Files</Filter>
    </ClInclude>
    <ClInclude Include="GPUFrame.h">
      <Filter>Header Files</Filter>
    </ClInclude>
    <ClInclude Include="Time_Statistics.h">
      <Filter>Header Files</Filter>
    </ClInclude>
    <ClInclude Include="TimeID.h">
      <Filter>Header Files</Filter>
    </ClInclude>
    <ClInclude Include="IBaseFrame.h">
      <Filter>Header Files</Filter>
    </ClInclude>
    <ClInclude Include="DaysSince20190101.h">
      <Filter>Header Files</Filter>
    </ClInclude>
    <ClInclude Include="SyncQueue.h">
      <Filter>Header Files</Filter>
    </ClInclude>
    <ClInclude Include="DllParser.h">
      <Filter>Header Files</Filter>
    </ClInclude>
    <ClInclude Include="DateTimeCode.h">
      <Filter>Header Files</Filter>
    </ClInclude>
    <ClInclude Include="ControlerTimeCode.h">
      <Filter>Header Files</Filter>
    </ClInclude>
    <ClInclude Include="Date.h">
      <Filter>Header Files</Filter>
    </ClInclude>
    <ClInclude Include="TimeCodeWithDot.h">
      <Filter>Header Files</Filter>
    </ClInclude>
    <ClInclude Include="SyncSet.h">
      <Filter>Header Files</Filter>
    </ClInclude>
    <ClInclude Include="DateTimeCodeWithDot.h">
      <Filter>Header Files</Filter>
    </ClInclude>
    <ClInclude Include="Synchronized.h">
      <Filter>Header Files</Filter>
    </ClInclude>
    <ClInclude Include="ClockTimer.h">
      <Filter>Header Files</Filter>
    </ClInclude>
    <ClInclude Include="tga.h">
      <Filter>Header Files</Filter>
    </ClInclude>
    <ClInclude Include="FrameListEx.h">
      <Filter>Header Files</Filter>
    </ClInclude>
  </ItemGroup>
</Project>